
Microsoft Visual Studio Solution File, Format Version 12.00
# Visual Studio Version 17
VisualStudioVersion = 17.11.35222.181
MinimumVisualStudioVersion = 10.0.40219.1
Project("{FAE04EC0-301F-11D3-BF4B-00C04F79EFBC}") = "WindowsFormsAppSistemaAtendimento", "WindowsFormsAppSistemaAtendimento\WindowsFormsAppSistemaAtendimento.csproj", "{B4F6DB53-69DB-4500-A0B6-548CE1DCC078}"
EndProject
Global
	GlobalSection(SolutionConfigurationPlatforms) = preSolution
		Debug|Any CPU = Debug|Any CPU
		Release|Any CPU = Release|Any CPU
	EndGlobalSection
	GlobalSection(ProjectConfigurationPlatforms) = postSolution
		{B4F6DB53-69DB-4500-A0B6-548CE1DCC078}.Debug|Any CPU.ActiveCfg = Debug|Any CPU
		{B4F6DB53-69DB-4500-A0B6-548CE1DCC078}.Debug|Any CPU.Build.0 = Debug|Any CPU
		{B4F6DB53-69DB-4500-A0B6-548CE1DCC078}.Release|Any CPU.ActiveCfg = Release|Any CPU
		{B4F6DB53-69DB-4500-A0B6-548CE1DCC078}.Release|Any CPU.Build.0 = Release|Any CPU
	EndGlobalSection
	GlobalSection(SolutionProperties) = preSolution
		HideSolutionNode = FALSE
	EndGlobalSection
	GlobalSection(ExtensibilityGlobals) = postSolution
		SolutionGuid = {C8E450CC-C307-4BCD-8E22-5FC51FABBD0F}
	EndGlobalSection
EndGlobal
